{
  "name": "HMMChatbot",
  "version": "0.0.0",
  "lockfileVersion": 1,
  "requires": true,
  "dependencies": {
    "autocorrect": {
      "version": "1.2.0",
      "resolved": "https://registry.npmjs.org/autocorrect/-/autocorrect-1.2.0.tgz",
      "integrity": "sha1-+I7O0R087KYWs3bpPWGl58A0srs=",
      "requires": {
        "leven": "^2.0.0",
        "word-list": "^1.0.1"
      }
    },
    "fs": {
      "version": "0.0.1-security",
      "resolved": "https://registry.npmjs.org/fs/-/fs-0.0.1-security.tgz",
      "integrity": "sha1-invTcYa23d84E/I4WLV+yq9eQdQ="
    },
    "leven": {
      "version": "2.1.0",
      "resolved": "https://registry.npmjs.org/leven/-/leven-2.1.0.tgz",
      "integrity": "sha1-wuep93IJTe6dNCAq6KzORoeHVYA="
    },
    "word-list": {
      "version": "1.0.1",
      "resolved": "https://registry.npmjs.org/word-list/-/word-list-1.0.1.tgz",
      "integrity": "sha1-hMT+O5GHrNMQ9TyRtAwW+FnQE7s="
    }
  }
}
